
Microsoft Visual Studio Solution File, Format Version 12.00
# Visual Studio Version 17
VisualStudioVersion = 17.11.35303.130
MinimumVisualStudioVersion = 10.0.40219.1
Project("{8BC9CEB8-8B4A-11D0-8D11-00A0C91BC942}") = "13-06", "13-06\13-06.vcxproj", "{E68D9355-6FB7-4746-B024-15A193323B9B}"
EndProject
Project("{8BC9CEB8-8B4A-11D0-8D11-00A0C91BC942}") = "13-b7", "13-b7\13-b7.vcxproj", "{559910DB-5A67-4331-BDDC-0732D37B2FE9}"
EndProject
Project("{8BC9CEB8-8B4A-11D0-8D11-00A0C91BC942}") = "13-b7-2", "13-b7-2\13-b7-2.vcxproj", "{187A0E41-340F-47D8-85E2-9AE5E368BDA2}"
EndProject
Project("{8BC9CEB8-8B4A-11D0-8D11-00A0C91BC942}") = "13-b8-1", "13-b8-1\13-b8-1.vcxproj", "{16FE7D6F-94C0-4236-8DE3-E8901F5EC3A5}"
EndProject
Project("{8BC9CEB8-8B4A-11D0-8D11-00A0C91BC942}") = "13-b8-2", "13-b8-2\13-b8-2.vcxproj", "{B9B70F20-B653-43CB-BC6E-13B3430948F0}"
EndProject
Global
	GlobalSection(SolutionConfigurationPlatforms) = preSolution
		Debug|x64 = Debug|x64
		Debug|x86 = Debug|x86
		Release|x64 = Release|x64
		Release|x86 = Release|x86
	EndGlobalSection
	GlobalSection(ProjectConfigurationPlatforms) = postSolution
		{E68D9355-6FB7-4746-B024-15A193323B9B}.Debug|x64.ActiveCfg = Debug|x64
		{E68D9355-6FB7-4746-B024-15A193323B9B}.Debug|x64.Build.0 = Debug|x64
		{E68D9355-6FB7-4746-B024-15A193323B9B}.Debug|x86.ActiveCfg = Debug|Win32
		{E68D9355-6FB7-4746-B024-15A193323B9B}.Debug|x86.Build.0 = Debug|Win32
		{E68D9355-6FB7-4746-B024-15A193323B9B}.Release|x64.ActiveCfg = Release|x64
		{E68D9355-6FB7-4746-B024-15A193323B9B}.Release|x64.Build.0 = Release|x64
		{E68D9355-6FB7-4746-B024-15A193323B9B}.Release|x86.ActiveCfg = Release|Win32
		{E68D9355-6FB7-4746-B024-15A193323B9B}.Release|x86.Build.0 = Release|Win32
		{559910DB-5A67-4331-BDDC-0732D37B2FE9}.Debug|x64.ActiveCfg = Debug|x64
		{559910DB-5A67-4331-BDDC-0732D37B2FE9}.Debug|x64.Build.0 = Debug|x64
		{559910DB-5A67-4331-BDDC-0732D37B2FE9}.Debug|x86.ActiveCfg = Debug|Win32
		{559910DB-5A67-4331-BDDC-0732D37B2FE9}.Debug|x86.Build.0 = Debug|Win32
		{559910DB-5A67-4331-BDDC-0732D37B2FE9}.Release|x64.ActiveCfg = Release|x64
		{559910DB-5A67-4331-BDDC-0732D37B2FE9}.Release|x64.Build.0 = Release|x64
		{559910DB-5A67-4331-BDDC-0732D37B2FE9}.Release|x86.ActiveCfg = Release|Win32
		{559910DB-5A67-4331-BDDC-0732D37B2FE9}.Release|x86.Build.0 = Release|Win32
		{187A0E41-340F-47D8-85E2-9AE5E368BDA2}.Debug|x64.ActiveCfg = Debug|x64
		{187A0E41-340F-47D8-85E2-9AE5E368BDA2}.Debug|x64.Build.0 = Debug|x64
		{187A0E41-340F-47D8-85E2-9AE5E368BDA2}.Debug|x86.ActiveCfg = Debug|Win32
		{187A0E41-340F-47D8-85E2-9AE5E368BDA2}.Debug|x86.Build.0 = Debug|Win32
		{187A0E41-340F-47D8-85E2-9AE5E368BDA2}.Release|x64.ActiveCfg = Release|x64
		{187A0E41-340F-47D8-85E2-9AE5E368BDA2}.Release|x64.Build.0 = Release|x64
		{187A0E41-340F-47D8-85E2-9AE5E368BDA2}.Release|x86.ActiveCfg = Release|Win32
		{187A0E41-340F-47D8-85E2-9AE5E368BDA2}.Release|x86.Build.0 = Release|Win32
		{16FE7D6F-94C0-4236-8DE3-E8901F5EC3A5}.Debug|x64.ActiveCfg = Debug|x64
		{16FE7D6F-94C0-4236-8DE3-E8901F5EC3A5}.Debug|x64.Build.0 = Debug|x64
		{16FE7D6F-94C0-4236-8DE3-E8901F5EC3A5}.Debug|x86.ActiveCfg = Debug|Win32
		{16FE7D6F-94C0-4236-8DE3-E8901F5EC3A5}.Debug|x86.Build.0 = Debug|Win32
		{16FE7D6F-94C0-4236-8DE3-E8901F5EC3A5}.Release|x64.ActiveCfg = Release|x64
		{16FE7D6F-94C0-4236-8DE3-E8901F5EC3A5}.Release|x64.Build.0 = Release|x64
		{16FE7D6F-94C0-4236-8DE3-E8901F5EC3A5}.Release|x86.ActiveCfg = Release|Win32
		{16FE7D6F-94C0-4236-8DE3-E8901F5EC3A5}.Release|x86.Build.0 = Release|Win32
		{B9B70F20-B653-43CB-BC6E-13B3430948F0}.Debug|x64.ActiveCfg = Debug|x64
		{B9B70F20-B653-43CB-BC6E-13B3430948F0}.Debug|x64.Build.0 = Debug|x64
		{B9B70F20-B653-43CB-BC6E-13B3430948F0}.Debug|x86.ActiveCfg = Debug|Win32
		{B9B70F20-B653-43CB-BC6E-13B3430948F0}.Debug|x86.Build.0 = Debug|Win32
		{B9B70F20-B653-43CB-BC6E-13B3430948F0}.Release|x64.ActiveCfg = Release|x64
		{B9B70F20-B653-43CB-BC6E-13B3430948F0}.Release|x64.Build.0 = Release|x64
		{B9B70F20-B653-43CB-BC6E-13B3430948F0}.Release|x86.ActiveCfg = Release|Win32
		{B9B70F20-B653-43CB-BC6E-13B3430948F0}.Release|x86.Build.0 = Release|Win32
	EndGlobalSection
	GlobalSection(SolutionProperties) = preSolution
		HideSolutionNode = FALSE
	EndGlobalSection
	GlobalSection(ExtensibilityGlobals) = postSolution
		SolutionGuid = {CF03260A-30E6-4983-99B3-BA030A4A4BA2}
	EndGlobalSection
EndGlobal
