
Microsoft Visual Studio Solution File, Format Version 12.00
# Visual Studio Version 17
VisualStudioVersion = 17.11.35303.130
MinimumVisualStudioVersion = 10.0.40219.1
Project("{8BC9CEB8-8B4A-11D0-8D11-00A0C91BC942}") = "13-b2-1", "13-b2-1\13-b2-1.vcxproj", "{57DA00A5-53D2-43DB-B0E2-45A19C3DD9B7}"
EndProject
Project("{8BC9CEB8-8B4A-11D0-8D11-00A0C91BC942}") = "13-b2-3", "13-b2-3\13-b2-3.vcxproj", "{60B50415-F1DD-4FBB-8565-594CBEF1D39F}"
EndProject
Project("{8BC9CEB8-8B4A-11D0-8D11-00A0C91BC942}") = "13-b2-4", "13-b2-4\13-b2-4.vcxproj", "{A90BCA49-BE71-46A7-A4E6-538CB6940811}"
EndProject
Project("{8BC9CEB8-8B4A-11D0-8D11-00A0C91BC942}") = "13-b3-1", "13-b3-1\13-b3-1.vcxproj", "{4518933D-D8AC-4398-8900-F5660C26F6CD}"
EndProject
Project("{8BC9CEB8-8B4A-11D0-8D11-00A0C91BC942}") = "13-b3-2", "13-b3-2\13-b3-2.vcxproj", "{97F6F79C-7325-49C5-AABC-2E2518D03126}"
EndProject
Project("{8BC9CEB8-8B4A-11D0-8D11-00A0C91BC942}") = "13-b4-1", "13-b4-1\13-b4-1.vcxproj", "{8D3F452C-757D-46C0-8AA1-2E2BE931B6C9}"
EndProject
Project("{8BC9CEB8-8B4A-11D0-8D11-00A0C91BC942}") = "13-b4-2", "13-b4-2\13-b4-2.vcxproj", "{D5F35D61-0C44-4976-9F96-A9E2972E20A9}"
EndProject
Project("{8BC9CEB8-8B4A-11D0-8D11-00A0C91BC942}") = "13-b5", "13-b5\13-b5.vcxproj", "{808A962A-AA44-4112-9BB8-ED489AC914B7}"
EndProject
Project("{8BC9CEB8-8B4A-11D0-8D11-00A0C91BC942}") = "13-b1", "13-b1\13-b1.vcxproj", "{CE2BA02A-31A1-4B13-9135-BFBA26299C85}"
EndProject
Project("{8BC9CEB8-8B4A-11D0-8D11-00A0C91BC942}") = "13-b2-2", "13-b2-2\13-b2-2.vcxproj", "{2556AA8E-D895-491B-9FEE-54DB4F542D34}"
EndProject
Project("{8BC9CEB8-8B4A-11D0-8D11-00A0C91BC942}") = "13-b6", "13-b6\13-b6.vcxproj", "{D710C858-9C05-4EB6-A1FD-B97EF6B6206D}"
EndProject
Global
	GlobalSection(SolutionConfigurationPlatforms) = preSolution
		Debug|x64 = Debug|x64
		Debug|x86 = Debug|x86
		Release|x64 = Release|x64
		Release|x86 = Release|x86
	EndGlobalSection
	GlobalSection(ProjectConfigurationPlatforms) = postSolution
		{57DA00A5-53D2-43DB-B0E2-45A19C3DD9B7}.Debug|x64.ActiveCfg = Debug|x64
		{57DA00A5-53D2-43DB-B0E2-45A19C3DD9B7}.Debug|x64.Build.0 = Debug|x64
		{57DA00A5-53D2-43DB-B0E2-45A19C3DD9B7}.Debug|x86.ActiveCfg = Debug|Win32
		{57DA00A5-53D2-43DB-B0E2-45A19C3DD9B7}.Debug|x86.Build.0 = Debug|Win32
		{57DA00A5-53D2-43DB-B0E2-45A19C3DD9B7}.Release|x64.ActiveCfg = Release|x64
		{57DA00A5-53D2-43DB-B0E2-45A19C3DD9B7}.Release|x64.Build.0 = Release|x64
		{57DA00A5-53D2-43DB-B0E2-45A19C3DD9B7}.Release|x86.ActiveCfg = Release|Win32
		{57DA00A5-53D2-43DB-B0E2-45A19C3DD9B7}.Release|x86.Build.0 = Release|Win32
		{60B50415-F1DD-4FBB-8565-594CBEF1D39F}.Debug|x64.ActiveCfg = Debug|x64
		{60B50415-F1DD-4FBB-8565-594CBEF1D39F}.Debug|x64.Build.0 = Debug|x64
		{60B50415-F1DD-4FBB-8565-594CBEF1D39F}.Debug|x86.ActiveCfg = Debug|Win32
		{60B50415-F1DD-4FBB-8565-594CBEF1D39F}.Debug|x86.Build.0 = Debug|Win32
		{60B50415-F1DD-4FBB-8565-594CBEF1D39F}.Release|x64.ActiveCfg = Release|x64
		{60B50415-F1DD-4FBB-8565-594CBEF1D39F}.Release|x64.Build.0 = Release|x64
		{60B50415-F1DD-4FBB-8565-594CBEF1D39F}.Release|x86.ActiveCfg = Release|Win32
		{60B50415-F1DD-4FBB-8565-594CBEF1D39F}.Release|x86.Build.0 = Release|Win32
		{A90BCA49-BE71-46A7-A4E6-538CB6940811}.Debug|x64.ActiveCfg = Debug|x64
		{A90BCA49-BE71-46A7-A4E6-538CB6940811}.Debug|x64.Build.0 = Debug|x64
		{A90BCA49-BE71-46A7-A4E6-538CB6940811}.Debug|x86.ActiveCfg = Debug|Win32
		{A90BCA49-BE71-46A7-A4E6-538CB6940811}.Debug|x86.Build.0 = Debug|Win32
		{A90BCA49-BE71-46A7-A4E6-538CB6940811}.Release|x64.ActiveCfg = Release|x64
		{A90BCA49-BE71-46A7-A4E6-538CB6940811}.Release|x64.Build.0 = Release|x64
		{A90BCA49-BE71-46A7-A4E6-538CB6940811}.Release|x86.ActiveCfg = Release|Win32
		{A90BCA49-BE71-46A7-A4E6-538CB6940811}.Release|x86.Build.0 = Release|Win32
		{4518933D-D8AC-4398-8900-F5660C26F6CD}.Debug|x64.ActiveCfg = Debug|x64
		{4518933D-D8AC-4398-8900-F5660C26F6CD}.Debug|x64.Build.0 = Debug|x64
		{4518933D-D8AC-4398-8900-F5660C26F6CD}.Debug|x86.ActiveCfg = Debug|Win32
		{4518933D-D8AC-4398-8900-F5660C26F6CD}.Debug|x86.Build.0 = Debug|Win32
		{4518933D-D8AC-4398-8900-F5660C26F6CD}.Release|x64.ActiveCfg = Release|x64
		{4518933D-D8AC-4398-8900-F5660C26F6CD}.Release|x64.Build.0 = Release|x64
		{4518933D-D8AC-4398-8900-F5660C26F6CD}.Release|x86.ActiveCfg = Release|Win32
		{4518933D-D8AC-4398-8900-F5660C26F6CD}.Release|x86.Build.0 = Release|Win32
		{97F6F79C-7325-49C5-AABC-2E2518D03126}.Debug|x64.ActiveCfg = Debug|x64
		{97F6F79C-7325-49C5-AABC-2E2518D03126}.Debug|x64.Build.0 = Debug|x64
		{97F6F79C-7325-49C5-AABC-2E2518D03126}.Debug|x86.ActiveCfg = Debug|Win32
		{97F6F79C-7325-49C5-AABC-2E2518D03126}.Debug|x86.Build.0 = Debug|Win32
		{97F6F79C-7325-49C5-AABC-2E2518D03126}.Release|x64.ActiveCfg = Release|x64
		{97F6F79C-7325-49C5-AABC-2E2518D03126}.Release|x64.Build.0 = Release|x64
		{97F6F79C-7325-49C5-AABC-2E2518D03126}.Release|x86.ActiveCfg = Release|Win32
		{97F6F79C-7325-49C5-AABC-2E2518D03126}.Release|x86.Build.0 = Release|Win32
		{8D3F452C-757D-46C0-8AA1-2E2BE931B6C9}.Debug|x64.ActiveCfg = Debug|x64
		{8D3F452C-757D-46C0-8AA1-2E2BE931B6C9}.Debug|x64.Build.0 = Debug|x64
		{8D3F452C-757D-46C0-8AA1-2E2BE931B6C9}.Debug|x86.ActiveCfg = Debug|Win32
		{8D3F452C-757D-46C0-8AA1-2E2BE931B6C9}.Debug|x86.Build.0 = Debug|Win32
		{8D3F452C-757D-46C0-8AA1-2E2BE931B6C9}.Release|x64.ActiveCfg = Release|x64
		{8D3F452C-757D-46C0-8AA1-2E2BE931B6C9}.Release|x64.Build.0 = Release|x64
		{8D3F452C-757D-46C0-8AA1-2E2BE931B6C9}.Release|x86.ActiveCfg = Release|Win32
		{8D3F452C-757D-46C0-8AA1-2E2BE931B6C9}.Release|x86.Build.0 = Release|Win32
		{D5F35D61-0C44-4976-9F96-A9E2972E20A9}.Debug|x64.ActiveCfg = Debug|x64
		{D5F35D61-0C44-4976-9F96-A9E2972E20A9}.Debug|x64.Build.0 = Debug|x64
		{D5F35D61-0C44-4976-9F96-A9E2972E20A9}.Debug|x86.ActiveCfg = Debug|Win32
		{D5F35D61-0C44-4976-9F96-A9E2972E20A9}.Debug|x86.Build.0 = Debug|Win32
		{D5F35D61-0C44-4976-9F96-A9E2972E20A9}.Release|x64.ActiveCfg = Release|x64
		{D5F35D61-0C44-4976-9F96-A9E2972E20A9}.Release|x64.Build.0 = Release|x64
		{D5F35D61-0C44-4976-9F96-A9E2972E20A9}.Release|x86.ActiveCfg = Release|Win32
		{D5F35D61-0C44-4976-9F96-A9E2972E20A9}.Release|x86.Build.0 = Release|Win32
		{808A962A-AA44-4112-9BB8-ED489AC914B7}.Debug|x64.ActiveCfg = Debug|x64
		{808A962A-AA44-4112-9BB8-ED489AC914B7}.Debug|x64.Build.0 = Debug|x64
		{808A962A-AA44-4112-9BB8-ED489AC914B7}.Debug|x86.ActiveCfg = Debug|Win32
		{808A962A-AA44-4112-9BB8-ED489AC914B7}.Debug|x86.Build.0 = Debug|Win32
		{808A962A-AA44-4112-9BB8-ED489AC914B7}.Release|x64.ActiveCfg = Release|x64
		{808A962A-AA44-4112-9BB8-ED489AC914B7}.Release|x64.Build.0 = Release|x64
		{808A962A-AA44-4112-9BB8-ED489AC914B7}.Release|x86.ActiveCfg = Release|Win32
		{808A962A-AA44-4112-9BB8-ED489AC914B7}.Release|x86.Build.0 = Release|Win32
		{CE2BA02A-31A1-4B13-9135-BFBA26299C85}.Debug|x64.ActiveCfg = Debug|x64
		{CE2BA02A-31A1-4B13-9135-BFBA26299C85}.Debug|x64.Build.0 = Debug|x64
		{CE2BA02A-31A1-4B13-9135-BFBA26299C85}.Debug|x86.ActiveCfg = Debug|Win32
		{CE2BA02A-31A1-4B13-9135-BFBA26299C85}.Debug|x86.Build.0 = Debug|Win32
		{CE2BA02A-31A1-4B13-9135-BFBA26299C85}.Release|x64.ActiveCfg = Release|x64
		{CE2BA02A-31A1-4B13-9135-BFBA26299C85}.Release|x64.Build.0 = Release|x64
		{CE2BA02A-31A1-4B13-9135-BFBA26299C85}.Release|x86.ActiveCfg = Release|Win32
		{CE2BA02A-31A1-4B13-9135-BFBA26299C85}.Release|x86.Build.0 = Release|Win32
		{2556AA8E-D895-491B-9FEE-54DB4F542D34}.Debug|x64.ActiveCfg = Debug|x64
		{2556AA8E-D895-491B-9FEE-54DB4F542D34}.Debug|x64.Build.0 = Debug|x64
		{2556AA8E-D895-491B-9FEE-54DB4F542D34}.Debug|x86.ActiveCfg = Debug|Win32
		{2556AA8E-D895-491B-9FEE-54DB4F542D34}.Debug|x86.Build.0 = Debug|Win32
		{2556AA8E-D895-491B-9FEE-54DB4F542D34}.Release|x64.ActiveCfg = Release|x64
		{2556AA8E-D895-491B-9FEE-54DB4F542D34}.Release|x64.Build.0 = Release|x64
		{2556AA8E-D895-491B-9FEE-54DB4F542D34}.Release|x86.ActiveCfg = Release|Win32
		{2556AA8E-D895-491B-9FEE-54DB4F542D34}.Release|x86.Build.0 = Release|Win32
		{D710C858-9C05-4EB6-A1FD-B97EF6B6206D}.Debug|x64.ActiveCfg = Debug|x64
		{D710C858-9C05-4EB6-A1FD-B97EF6B6206D}.Debug|x64.Build.0 = Debug|x64
		{D710C858-9C05-4EB6-A1FD-B97EF6B6206D}.Debug|x86.ActiveCfg = Debug|Win32
		{D710C858-9C05-4EB6-A1FD-B97EF6B6206D}.Debug|x86.Build.0 = Debug|Win32
		{D710C858-9C05-4EB6-A1FD-B97EF6B6206D}.Release|x64.ActiveCfg = Release|x64
		{D710C858-9C05-4EB6-A1FD-B97EF6B6206D}.Release|x64.Build.0 = Release|x64
		{D710C858-9C05-4EB6-A1FD-B97EF6B6206D}.Release|x86.ActiveCfg = Release|Win32
		{D710C858-9C05-4EB6-A1FD-B97EF6B6206D}.Release|x86.Build.0 = Release|Win32
	EndGlobalSection
	GlobalSection(SolutionProperties) = preSolution
		HideSolutionNode = FALSE
	EndGlobalSection
	GlobalSection(ExtensibilityGlobals) = postSolution
		SolutionGuid = {84167DEA-D255-4321-B0EC-BA355C1E3E4D}
	EndGlobalSection
EndGlobal
