
Microsoft Visual Studio Solution File, Format Version 12.00
# Visual Studio Version 17
VisualStudioVersion = 17.11.35303.130
MinimumVisualStudioVersion = 10.0.40219.1
Project("{8BC9CEB8-8B4A-11D0-8D11-00A0C91BC942}") = "16-b2-1", "16-b2-1\16-b2-1.vcxproj", "{D6FAF5AD-F7A7-4574-ABA6-48825B5C0744}"
EndProject
Project("{8BC9CEB8-8B4A-11D0-8D11-00A0C91BC942}") = "16-b1", "16-b1\16-b1.vcxproj", "{E64560C1-66FF-4269-A306-70E71C7002E3}"
EndProject
Project("{8BC9CEB8-8B4A-11D0-8D11-00A0C91BC942}") = "16-b2-2", "16-b2-2\16-b2-2.vcxproj", "{B024CFDB-F5FC-454B-B62C-BBFFCE180EE6}"
EndProject
Project("{8BC9CEB8-8B4A-11D0-8D11-00A0C91BC942}") = "16-b3-1", "16-b3-1\16-b3-1.vcxproj", "{AE8204C2-D919-4FB7-9470-3B17D063D25C}"
EndProject
Project("{8BC9CEB8-8B4A-11D0-8D11-00A0C91BC942}") = "16-b3-2", "16-b3-2\16-b3-2.vcxproj", "{A9256720-D7F5-4791-80D8-8EC0FF761DDF}"
EndProject
Project("{8BC9CEB8-8B4A-11D0-8D11-00A0C91BC942}") = "16-b4", "16-b4\16-b4.vcxproj", "{1E955A66-A895-4943-A689-E9934C299C9A}"
EndProject
Project("{8BC9CEB8-8B4A-11D0-8D11-00A0C91BC942}") = "16-b5", "16-b5\16-b5.vcxproj", "{81D9ADA3-77C8-4726-8329-2DCA99FE80A3}"
EndProject
Project("{8BC9CEB8-8B4A-11D0-8D11-00A0C91BC942}") = "16-b6", "16-b6\16-b6.vcxproj", "{AB2A469B-36A2-47A6-97BF-B221315B1C7A}"
EndProject
Project("{8BC9CEB8-8B4A-11D0-8D11-00A0C91BC942}") = "16-b7", "16-b7\16-b7.vcxproj", "{C66D02A5-00F7-41A3-B536-CE385E613310}"
EndProject
Global
	GlobalSection(SolutionConfigurationPlatforms) = preSolution
		Debug|x64 = Debug|x64
		Debug|x86 = Debug|x86
		Release|x64 = Release|x64
		Release|x86 = Release|x86
	EndGlobalSection
	GlobalSection(ProjectConfigurationPlatforms) = postSolution
		{D6FAF5AD-F7A7-4574-ABA6-48825B5C0744}.Debug|x64.ActiveCfg = Debug|x64
		{D6FAF5AD-F7A7-4574-ABA6-48825B5C0744}.Debug|x64.Build.0 = Debug|x64
		{D6FAF5AD-F7A7-4574-ABA6-48825B5C0744}.Debug|x86.ActiveCfg = Debug|Win32
		{D6FAF5AD-F7A7-4574-ABA6-48825B5C0744}.Debug|x86.Build.0 = Debug|Win32
		{D6FAF5AD-F7A7-4574-ABA6-48825B5C0744}.Release|x64.ActiveCfg = Release|x64
		{D6FAF5AD-F7A7-4574-ABA6-48825B5C0744}.Release|x64.Build.0 = Release|x64
		{D6FAF5AD-F7A7-4574-ABA6-48825B5C0744}.Release|x86.ActiveCfg = Release|Win32
		{D6FAF5AD-F7A7-4574-ABA6-48825B5C0744}.Release|x86.Build.0 = Release|Win32
		{E64560C1-66FF-4269-A306-70E71C7002E3}.Debug|x64.ActiveCfg = Debug|x64
		{E64560C1-66FF-4269-A306-70E71C7002E3}.Debug|x64.Build.0 = Debug|x64
		{E64560C1-66FF-4269-A306-70E71C7002E3}.Debug|x86.ActiveCfg = Debug|Win32
		{E64560C1-66FF-4269-A306-70E71C7002E3}.Debug|x86.Build.0 = Debug|Win32
		{E64560C1-66FF-4269-A306-70E71C7002E3}.Release|x64.ActiveCfg = Release|x64
		{E64560C1-66FF-4269-A306-70E71C7002E3}.Release|x64.Build.0 = Release|x64
		{E64560C1-66FF-4269-A306-70E71C7002E3}.Release|x86.ActiveCfg = Release|Win32
		{E64560C1-66FF-4269-A306-70E71C7002E3}.Release|x86.Build.0 = Release|Win32
		{B024CFDB-F5FC-454B-B62C-BBFFCE180EE6}.Debug|x64.ActiveCfg = Debug|x64
		{B024CFDB-F5FC-454B-B62C-BBFFCE180EE6}.Debug|x64.Build.0 = Debug|x64
		{B024CFDB-F5FC-454B-B62C-BBFFCE180EE6}.Debug|x86.ActiveCfg = Debug|Win32
		{B024CFDB-F5FC-454B-B62C-BBFFCE180EE6}.Debug|x86.Build.0 = Debug|Win32
		{B024CFDB-F5FC-454B-B62C-BBFFCE180EE6}.Release|x64.ActiveCfg = Release|x64
		{B024CFDB-F5FC-454B-B62C-BBFFCE180EE6}.Release|x64.Build.0 = Release|x64
		{B024CFDB-F5FC-454B-B62C-BBFFCE180EE6}.Release|x86.ActiveCfg = Release|Win32
		{B024CFDB-F5FC-454B-B62C-BBFFCE180EE6}.Release|x86.Build.0 = Release|Win32
		{AE8204C2-D919-4FB7-9470-3B17D063D25C}.Debug|x64.ActiveCfg = Debug|x64
		{AE8204C2-D919-4FB7-9470-3B17D063D25C}.Debug|x64.Build.0 = Debug|x64
		{AE8204C2-D919-4FB7-9470-3B17D063D25C}.Debug|x86.ActiveCfg = Debug|Win32
		{AE8204C2-D919-4FB7-9470-3B17D063D25C}.Debug|x86.Build.0 = Debug|Win32
		{AE8204C2-D919-4FB7-9470-3B17D063D25C}.Release|x64.ActiveCfg = Release|x64
		{AE8204C2-D919-4FB7-9470-3B17D063D25C}.Release|x64.Build.0 = Release|x64
		{AE8204C2-D919-4FB7-9470-3B17D063D25C}.Release|x86.ActiveCfg = Release|Win32
		{AE8204C2-D919-4FB7-9470-3B17D063D25C}.Release|x86.Build.0 = Release|Win32
		{A9256720-D7F5-4791-80D8-8EC0FF761DDF}.Debug|x64.ActiveCfg = Debug|x64
		{A9256720-D7F5-4791-80D8-8EC0FF761DDF}.Debug|x64.Build.0 = Debug|x64
		{A9256720-D7F5-4791-80D8-8EC0FF761DDF}.Debug|x86.ActiveCfg = Debug|Win32
		{A9256720-D7F5-4791-80D8-8EC0FF761DDF}.Debug|x86.Build.0 = Debug|Win32
		{A9256720-D7F5-4791-80D8-8EC0FF761DDF}.Release|x64.ActiveCfg = Release|x64
		{A9256720-D7F5-4791-80D8-8EC0FF761DDF}.Release|x64.Build.0 = Release|x64
		{A9256720-D7F5-4791-80D8-8EC0FF761DDF}.Release|x86.ActiveCfg = Release|Win32
		{A9256720-D7F5-4791-80D8-8EC0FF761DDF}.Release|x86.Build.0 = Release|Win32
		{1E955A66-A895-4943-A689-E9934C299C9A}.Debug|x64.ActiveCfg = Debug|x64
		{1E955A66-A895-4943-A689-E9934C299C9A}.Debug|x64.Build.0 = Debug|x64
		{1E955A66-A895-4943-A689-E9934C299C9A}.Debug|x86.ActiveCfg = Debug|Win32
		{1E955A66-A895-4943-A689-E9934C299C9A}.Debug|x86.Build.0 = Debug|Win32
		{1E955A66-A895-4943-A689-E9934C299C9A}.Release|x64.ActiveCfg = Release|x64
		{1E955A66-A895-4943-A689-E9934C299C9A}.Release|x64.Build.0 = Release|x64
		{1E955A66-A895-4943-A689-E9934C299C9A}.Release|x86.ActiveCfg = Release|Win32
		{1E955A66-A895-4943-A689-E9934C299C9A}.Release|x86.Build.0 = Release|Win32
		{81D9ADA3-77C8-4726-8329-2DCA99FE80A3}.Debug|x64.ActiveCfg = Debug|x64
		{81D9ADA3-77C8-4726-8329-2DCA99FE80A3}.Debug|x64.Build.0 = Debug|x64
		{81D9ADA3-77C8-4726-8329-2DCA99FE80A3}.Debug|x86.ActiveCfg = Debug|Win32
		{81D9ADA3-77C8-4726-8329-2DCA99FE80A3}.Debug|x86.Build.0 = Debug|Win32
		{81D9ADA3-77C8-4726-8329-2DCA99FE80A3}.Release|x64.ActiveCfg = Release|x64
		{81D9ADA3-77C8-4726-8329-2DCA99FE80A3}.Release|x64.Build.0 = Release|x64
		{81D9ADA3-77C8-4726-8329-2DCA99FE80A3}.Release|x86.ActiveCfg = Release|Win32
		{81D9ADA3-77C8-4726-8329-2DCA99FE80A3}.Release|x86.Build.0 = Release|Win32
		{AB2A469B-36A2-47A6-97BF-B221315B1C7A}.Debug|x64.ActiveCfg = Debug|x64
		{AB2A469B-36A2-47A6-97BF-B221315B1C7A}.Debug|x64.Build.0 = Debug|x64
		{AB2A469B-36A2-47A6-97BF-B221315B1C7A}.Debug|x86.ActiveCfg = Debug|Win32
		{AB2A469B-36A2-47A6-97BF-B221315B1C7A}.Debug|x86.Build.0 = Debug|Win32
		{AB2A469B-36A2-47A6-97BF-B221315B1C7A}.Release|x64.ActiveCfg = Release|x64
		{AB2A469B-36A2-47A6-97BF-B221315B1C7A}.Release|x64.Build.0 = Release|x64
		{AB2A469B-36A2-47A6-97BF-B221315B1C7A}.Release|x86.ActiveCfg = Release|Win32
		{AB2A469B-36A2-47A6-97BF-B221315B1C7A}.Release|x86.Build.0 = Release|Win32
		{C66D02A5-00F7-41A3-B536-CE385E613310}.Debug|x64.ActiveCfg = Debug|x64
		{C66D02A5-00F7-41A3-B536-CE385E613310}.Debug|x64.Build.0 = Debug|x64
		{C66D02A5-00F7-41A3-B536-CE385E613310}.Debug|x86.ActiveCfg = Debug|Win32
		{C66D02A5-00F7-41A3-B536-CE385E613310}.Debug|x86.Build.0 = Debug|Win32
		{C66D02A5-00F7-41A3-B536-CE385E613310}.Release|x64.ActiveCfg = Release|x64
		{C66D02A5-00F7-41A3-B536-CE385E613310}.Release|x64.Build.0 = Release|x64
		{C66D02A5-00F7-41A3-B536-CE385E613310}.Release|x86.ActiveCfg = Release|Win32
		{C66D02A5-00F7-41A3-B536-CE385E613310}.Release|x86.Build.0 = Release|Win32
	EndGlobalSection
	GlobalSection(SolutionProperties) = preSolution
		HideSolutionNode = FALSE
	EndGlobalSection
	GlobalSection(ExtensibilityGlobals) = postSolution
		SolutionGuid = {7A501747-2A23-4C8A-96C7-CE38580143C7}
	EndGlobalSection
EndGlobal
